
Microsoft Visual Studio Solution File, Format Version 12.00
# Visual Studio Version 17
VisualStudioVersion = 17.2.32526.322
MinimumVisualStudioVersion = 10.0.40219.1
Project("{FAE04EC0-301F-11D3-BF4B-00C04F79EFBC}") = "WebApplication1", "WebApplication1.csproj", "{DA15A353-E7A3-450B-A716-E3D2BD188A79}"
EndProject
Global
	GlobalSection(SolutionConfigurationPlatforms) = preSolution
		Debug|Any CPU = Debug|Any CPU
		Release|Any CPU = Release|Any CPU
	EndGlobalSection
	GlobalSection(ProjectConfigurationPlatforms) = postSolution
		{DA15A353-E7A3-450B-A716-E3D2BD188A79}.Debug|Any CPU.ActiveCfg = Debug|Any CPU
		{DA15A353-E7A3-450B-A716-E3D2BD188A79}.Debug|Any CPU.Build.0 = Debug|Any CPU
		{DA15A353-E7A3-450B-A716-E3D2BD188A79}.Release|Any CPU.ActiveCfg = Release|Any CPU
		{DA15A353-E7A3-450B-A716-E3D2BD188A79}.Release|Any CPU.Build.0 = Release|Any CPU
	EndGlobalSection
	GlobalSection(SolutionProperties) = preSolution
		HideSolutionNode = FALSE
	EndGlobalSection
	GlobalSection(ExtensibilityGlobals) = postSolution
		SolutionGuid = {06524768-5B08-475D-AB52-7B55DAFD4469}
	EndGlobalSection
EndGlobal
